
Microsoft Visual Studio Solution File, Format Version 12.00
# Visual Studio 14
VisualStudioVersion = 14.0.25420.1
MinimumVisualStudioVersion = 10.0.40219.1
Project("{FAE04EC0-301F-11D3-BF4B-00C04F79EFBC}") = "Security.Model", "Security.Model\Security.Model.csproj", "{CC428C6E-87C3-4FF4-B698-ADF244A31E38}"
EndProject
Project("{FAE04EC0-301F-11D3-BF4B-00C04F79EFBC}") = "Tools", "Tools\Tools.csproj", "{2F1F6E24-1FA5-412B-8949-0A7888B9BE71}"
EndProject
Project("{2150E333-8FDC-42A3-9474-1A3956D46DE8}") = "Tests", "Tests", "{B3C03FF4-0B11-4598-93C1-0095BE0E5BA6}"
EndProject
Project("{FAE04EC0-301F-11D3-BF4B-00C04F79EFBC}") = "Security.Model.Tests", "Security.Model.Tests\Security.Model.Tests.csproj", "{23F25416-D496-4E6A-9D0E-9F7365682628}"
EndProject
Project("{F088123C-0E9E-452A-89E6-6BA2F21D5CAC}") = "SecurityModelingProject", "SecurityModelingProject\SecurityModelingProject.modelproj", "{868DE0B3-46C5-4471-B7AD-B8F45FE850FB}"
EndProject
Global
	GlobalSection(SolutionConfigurationPlatforms) = preSolution
		Debug|Any CPU = Debug|Any CPU
		Release|Any CPU = Release|Any CPU
	EndGlobalSection
	GlobalSection(ProjectConfigurationPlatforms) = postSolution
		{CC428C6E-87C3-4FF4-B698-ADF244A31E38}.Debug|Any CPU.ActiveCfg = Debug|Any CPU
		{CC428C6E-87C3-4FF4-B698-ADF244A31E38}.Debug|Any CPU.Build.0 = Debug|Any CPU
		{CC428C6E-87C3-4FF4-B698-ADF244A31E38}.Release|Any CPU.ActiveCfg = Release|Any CPU
		{CC428C6E-87C3-4FF4-B698-ADF244A31E38}.Release|Any CPU.Build.0 = Release|Any CPU
		{2F1F6E24-1FA5-412B-8949-0A7888B9BE71}.Debug|Any CPU.ActiveCfg = Debug|Any CPU
		{2F1F6E24-1FA5-412B-8949-0A7888B9BE71}.Debug|Any CPU.Build.0 = Debug|Any CPU
		{2F1F6E24-1FA5-412B-8949-0A7888B9BE71}.Release|Any CPU.ActiveCfg = Release|Any CPU
		{2F1F6E24-1FA5-412B-8949-0A7888B9BE71}.Release|Any CPU.Build.0 = Release|Any CPU
		{23F25416-D496-4E6A-9D0E-9F7365682628}.Debug|Any CPU.ActiveCfg = Debug|Any CPU
		{23F25416-D496-4E6A-9D0E-9F7365682628}.Debug|Any CPU.Build.0 = Debug|Any CPU
		{23F25416-D496-4E6A-9D0E-9F7365682628}.Release|Any CPU.ActiveCfg = Release|Any CPU
		{23F25416-D496-4E6A-9D0E-9F7365682628}.Release|Any CPU.Build.0 = Release|Any CPU
		{868DE0B3-46C5-4471-B7AD-B8F45FE850FB}.Debug|Any CPU.ActiveCfg = Debug|Any CPU
		{868DE0B3-46C5-4471-B7AD-B8F45FE850FB}.Debug|Any CPU.Build.0 = Debug|Any CPU
		{868DE0B3-46C5-4471-B7AD-B8F45FE850FB}.Release|Any CPU.ActiveCfg = Release|Any CPU
		{868DE0B3-46C5-4471-B7AD-B8F45FE850FB}.Release|Any CPU.Build.0 = Release|Any CPU
	EndGlobalSection
	GlobalSection(SolutionProperties) = preSolution
		HideSolutionNode = FALSE
	EndGlobalSection
	GlobalSection(NestedProjects) = preSolution
		{23F25416-D496-4E6A-9D0E-9F7365682628} = {B3C03FF4-0B11-4598-93C1-0095BE0E5BA6}
	EndGlobalSection
EndGlobal
